// !$*UTF8*$!
{
	archiveVersion = 1;
	classes = {
	};
	objectVersion = 52;
	objects = {

/* Begin PBXBuildFile section */
		3E12A1032674276C0076ABBF /* TodoApp.swift in Sources */ = {isa = PBXBuildFile; fileRef = 3E12A1022674276C0076ABBF /* TodoApp.swift */; };
		3E12A1052674276C0076ABBF /* ContentView.swift in Sources */ = {isa = PBXBuildFile; fileRef = 3E12A1042674276C0076ABBF /* ContentView.swift */; };
		3E12A1072674276E0076ABBF /* Assets.xcassets in Resources */ = {isa = PBXBuildFile; fileRef = 3E12A1062674276E0076ABBF /* Assets.xcassets */; };
		3E12A10A2674276E0076ABBF /* Preview Assets.xcassets in Resources */ = {isa = PBXBuildFile; fileRef = 3E12A1092674276E0076ABBF /* Preview Assets.xcassets */; };
		3E12A1152674276F0076ABBF /* TodoTests.swift in Sources */ = {isa = PBXBuildFile; fileRef = 3E12A1142674276F0076ABBF /* TodoTests.swift */; };
		3E12A1202674276F0076ABBF /* TodoUITests.swift in Sources */ = {isa = PBXBuildFile; fileRef = 3E12A11F2674276F0076ABBF /* TodoUITests.swift */; };
		3E12A12D2674279D0076ABBF /* amplifyconfiguration.json in Resources */ = {isa = PBXBuildFile; fileRef = 3A783B0590614EF7D39BA591 /* amplifyconfiguration.json */; };
		3E12A12E2674279F0076ABBF /* awsconfiguration.json in Resources */ = {isa = PBXBuildFile; fileRef = 7B58E9C1D8B278510ED9EAEF /* awsconfiguration.json */; };
		3E12A131267427C20076ABBF /* Amplify in Frameworks */ = {isa = PBXBuildFile; productRef = 3E12A130267427C20076ABBF /* Amplify */; };
		3E12A135267427C20076ABBF /* AWSDataStorePlugin in Frameworks */ = {isa = PBXBuildFile; productRef = 3E12A134267427C20076ABBF /* AWSDataStorePlugin */; };
		3E12A1542674294A0076ABBF /* AmplifyModels.swift in Sources */ = {isa = PBXBuildFile; fileRef = CE57C1016216F800136C416E /* AmplifyModels.swift */; };
		3E12A155267429510076ABBF /* Priority.swift in Sources */ = {isa = PBXBuildFile; fileRef = 5E70E03DA5170012A5633C6B /* Priority.swift */; };
		3E12A1572674295A0076ABBF /* Todo+Schema.swift in Sources */ = {isa = PBXBuildFile; fileRef = 52562D55C92FE7EA69211E4A /* Todo+Schema.swift */; };
		3E12A1582674295A0076ABBF /* Todo.swift in Sources */ = {isa = PBXBuildFile; fileRef = E0B91705BC3AF072A8F973DF /* Todo.swift */; };
		3E12A16F2676D25A0076ABBF /* AWSAPIPlugin in Frameworks */ = {isa = PBXBuildFile; productRef = 3E12A16E2676D25A0076ABBF /* AWSAPIPlugin */; };
		FD6BAABE3B974B3E3CD1B4C0 /* amplifyconfiguration.json in Resources */ = {isa = PBXBuildFile; fileRef = 3A783B0590614EF7D39BA591 /* amplifyconfiguration.json */; };
		FF48C43AEAFB8C1BB7559FB2 /* awsconfiguration.json in Resources */ = {isa = PBXBuildFile; fileRef = 7B58E9C1D8B278510ED9EAEF /* awsconfiguration.json */; };
/* End PBXBuildFile section */

/* Begin PBXContainerItemProxy section */
		3E12A1112674276F0076ABBF /* PBXContainerItemProxy */ = {
			isa = PBXContainerItemProxy;
			containerPortal = 3E12A0F72674276C0076ABBF /* Project object */;
			proxyType = 1;
			remoteGlobalIDString = 3E12A0FE2674276C0076ABBF;
			remoteInfo = Todo;
		};
		3E12A11C2674276F0076ABBF /* PBXContainerItemProxy */ = {
			isa = PBXContainerItemProxy;
			containerPortal = 3E12A0F72674276C0076ABBF /* Project object */;
			proxyType = 1;
			remoteGlobalIDString = 3E12A0FE2674276C0076ABBF;
			remoteInfo = Todo;
		};
/* End PBXContainerItemProxy section */

/* Begin PBXFileReference section */
		3A783B0590614EF7D39BA591 /* amplifyconfiguration.json */ = {isa = PBXFileReference; explicitFileType = text.json; path = amplifyconfiguration.json; sourceTree = "<group>"; };
		3E12A0FF2674276C0076ABBF /* Todo.app */ = {isa = PBXFileReference; explicitFileType = wrapper.application; includeInIndex = 0; path = Todo.app; sourceTree = BUILT_PRODUCTS_DIR; };
		3E12A1022674276C0076ABBF /* TodoApp.swift */ = {isa = PBXFileReference; lastKnownFileType = sourcecode.swift; path = TodoApp.swift; sourceTree = "<group>"; };
		3E12A1042674276C0076ABBF /* ContentView.swift */ = {isa = PBXFileReference; lastKnownFileType = sourcecode.swift; path = ContentView.swift; sourceTree = "<group>"; };
		3E12A1062674276E0076ABBF /* Assets.xcassets */ = {isa = PBXFileReference; lastKnownFileType = folder.assetcatalog; path = Assets.xcassets; sourceTree = "<group>"; };
		3E12A1092674276E0076ABBF /* Preview Assets.xcassets */ = {isa = PBXFileReference; lastKnownFileType = folder.assetcatalog; path = "Preview Assets.xcassets"; sourceTree = "<group>"; };
		3E12A10B2674276E0076ABBF /* Info.plist */ = {isa = PBXFileReference; lastKnownFileType = text.plist.xml; path = Info.plist; sourceTree = "<group>"; };
		3E12A1102674276F0076ABBF /* TodoTests.xctest */ = {isa = PBXFileReference; explicitFileType = wrapper.cfbundle; includeInIndex = 0; path = TodoTests.xctest; sourceTree = BUILT_PRODUCTS_DIR; };
		3E12A1142674276F0076ABBF /* TodoTests.swift */ = {isa = PBXFileReference; lastKnownFileType = sourcecode.swift; path = TodoTests.swift; sourceTree = "<group>"; };
		3E12A1162674276F0076ABBF /* Info.plist */ = {isa = PBXFileReference; lastKnownFileType = text.plist.xml; path = Info.plist; sourceTree = "<group>"; };
		3E12A11B2674276F0076ABBF /* TodoUITests.xctest */ = {isa = PBXFileReference; explicitFileType = wrapper.cfbundle; includeInIndex = 0; path = TodoUITests.xctest; sourceTree = BUILT_PRODUCTS_DIR; };
		3E12A11F2674276F0076ABBF /* TodoUITests.swift */ = {isa = PBXFileReference; lastKnownFileType = sourcecode.swift; path = TodoUITests.swift; sourceTree = "<group>"; };
		3E12A1212674276F0076ABBF /* Info.plist */ = {isa = PBXFileReference; lastKnownFileType = text.plist.xml; path = Info.plist; sourceTree = "<group>"; };
		52562D55C92FE7EA69211E4A /* Todo+Schema.swift */ = {isa = PBXFileReference; explicitFileType = sourcecode.swift; name = "Todo+Schema.swift"; path = "amplify/generated/models/Todo+Schema.swift"; sourceTree = "<group>"; };
		5E70E03DA5170012A5633C6B /* Priority.swift */ = {isa = PBXFileReference; explicitFileType = sourcecode.swift; name = Priority.swift; path = amplify/generated/models/Priority.swift; sourceTree = "<group>"; };
		7B58E9C1D8B278510ED9EAEF /* awsconfiguration.json */ = {isa = PBXFileReference; explicitFileType = text.json; path = awsconfiguration.json; sourceTree = "<group>"; };
		CE57C1016216F800136C416E /* AmplifyModels.swift */ = {isa = PBXFileReference; explicitFileType = sourcecode.swift; name = AmplifyModels.swift; path = amplify/generated/models/AmplifyModels.swift; sourceTree = "<group>"; };
		E0B91705BC3AF072A8F973DF /* Todo.swift */ = {isa = PBXFileReference; explicitFileType = sourcecode.swift; name = Todo.swift; path = amplify/generated/models/Todo.swift; sourceTree = "<group>"; };
/* End PBXFileReference section */

/* Begin PBXFrameworksBuildPhase section */
		3E12A0FC2674276C0076ABBF /* Frameworks */ = {
			isa = PBXFrameworksBuildPhase;
			buildActionMask = 2147483647;
			files = (
				3E12A16F2676D25A0076ABBF /* AWSAPIPlugin in Frameworks */,
				3E12A135267427C20076ABBF /* AWSDataStorePlugin in Frameworks */,
				3E12A131267427C20076ABBF /* Amplify in Frameworks */,
			);
			runOnlyForDeploymentPostprocessing = 0;
		};
		3E12A10D2674276F0076ABBF /* Frameworks */ = {
			isa = PBXFrameworksBuildPhase;
			buildActionMask = 2147483647;
			files = (
			);
			runOnlyForDeploymentPostprocessing = 0;
		};
		3E12A1182674276F0076ABBF /* Frameworks */ = {
			isa = PBXFrameworksBuildPhase;
			buildActionMask = 2147483647;
			files = (
			);
			runOnlyForDeploymentPostprocessing = 0;
		};
/* End PBXFrameworksBuildPhase section */

/* Begin PBXGroup section */
		3E12A0F62674276C0076ABBF = {
			isa = PBXGroup;
			children = (
				3E12A1012674276C0076ABBF /* Todo */,
				3E12A1132674276F0076ABBF /* TodoTests */,
				3E12A11E2674276F0076ABBF /* TodoUITests */,
				3E12A1002674276C0076ABBF /* Products */,
				F65476D26695C4A630EFBE30 /* AmplifyConfig */,
				AA7B43683E79DB7EC2FCB61E /* AmplifyModels */,
				3E12A16D2676D25A0076ABBF /* Frameworks */,
			);
			sourceTree = "<group>";
		};
		3E12A1002674276C0076ABBF /* Products */ = {
			isa = PBXGroup;
			children = (
				3E12A0FF2674276C0076ABBF /* Todo.app */,
				3E12A1102674276F0076ABBF /* TodoTests.xctest */,
				3E12A11B2674276F0076ABBF /* TodoUITests.xctest */,
			);
			name = Products;
			sourceTree = "<group>";
		};
		3E12A1012674276C0076ABBF /* Todo */ = {
			isa = PBXGroup;
			children = (
				3E12A1022674276C0076ABBF /* TodoApp.swift */,
				3E12A1042674276C0076ABBF /* ContentView.swift */,
				3E12A1062674276E0076ABBF /* Assets.xcassets */,
				3E12A10B2674276E0076ABBF /* Info.plist */,
				3E12A1082674276E0076ABBF /* Preview Content */,
			);
			path = Todo;
			sourceTree = "<group>";
		};
		3E12A1082674276E0076ABBF /* Preview Content */ = {
			isa = PBXGroup;
			children = (
				3E12A1092674276E0076ABBF /* Preview Assets.xcassets */,
			);
			path = "Preview Content";
			sourceTree = "<group>";
		};
		3E12A1132674276F0076ABBF /* TodoTests */ = {
			isa = PBXGroup;
			children = (
				3E12A1142674276F0076ABBF /* TodoTests.swift */,
				3E12A1162674276F0076ABBF /* Info.plist */,
			);
			path = TodoTests;
			sourceTree = "<group>";
		};
		3E12A11E2674276F0076ABBF /* TodoUITests */ = {
			isa = PBXGroup;
			children = (
				3E12A11F2674276F0076ABBF /* TodoUITests.swift */,
				3E12A1212674276F0076ABBF /* Info.plist */,
			);
			path = TodoUITests;
			sourceTree = "<group>";
		};
		3E12A16D2676D25A0076ABBF /* Frameworks */ = {
			isa = PBXGroup;
			children = (
			);
			name = Frameworks;
			sourceTree = "<group>";
		};
		AA7B43683E79DB7EC2FCB61E /* AmplifyModels */ = {
			isa = PBXGroup;
			children = (
				CE57C1016216F800136C416E /* AmplifyModels.swift */,
				5E70E03DA5170012A5633C6B /* Priority.swift */,
				52562D55C92FE7EA69211E4A /* Todo+Schema.swift */,
				E0B91705BC3AF072A8F973DF /* Todo.swift */,
			);
			name = AmplifyModels;
			sourceTree = "<group>";
		};
		F65476D26695C4A630EFBE30 /* AmplifyConfig */ = {
			isa = PBXGroup;
			children = (
				7B58E9C1D8B278510ED9EAEF /* awsconfiguration.json */,
				3A783B0590614EF7D39BA591 /* amplifyconfiguration.json */,
			);
			name = AmplifyConfig;
			sourceTree = "<group>";
		};
/* End PBXGroup section */

/* Begin PBXNativeTarget section */
		3E12A0FE2674276C0076ABBF /* Todo */ = {
			isa = PBXNativeTarget;
			buildConfigurationList = 3E12A1242674276F0076ABBF /* Build configuration list for PBXNativeTarget "Todo" */;
			buildPhases = (
				3E12A0FB2674276C0076ABBF /* Sources */,
				3E12A0FC2674276C0076ABBF /* Frameworks */,
				3E12A0FD2674276C0076ABBF /* Resources */,
			);
			buildRules = (
			);
			dependencies = (
				3E12A1712676D25F0076ABBF /* PBXTargetDependency */,
			);
			name = Todo;
			packageProductDependencies = (
				3E12A130267427C20076ABBF /* Amplify */,
				3E12A134267427C20076ABBF /* AWSDataStorePlugin */,
				3E12A16E2676D25A0076ABBF /* AWSAPIPlugin */,
			);
			productName = Todo;
			productReference = 3E12A0FF2674276C0076ABBF /* Todo.app */;
			productType = "com.apple.product-type.application";
		};
		3E12A10F2674276F0076ABBF /* TodoTests */ = {
			isa = PBXNativeTarget;
			buildConfigurationList = 3E12A1272674276F0076ABBF /* Build configuration list for PBXNativeTarget "TodoTests" */;
			buildPhases = (
				3E12A10C2674276F0076ABBF /* Sources */,
				3E12A10D2674276F0076ABBF /* Frameworks */,
				3E12A10E2674276F0076ABBF /* Resources */,
			);
			buildRules = (
			);
			dependencies = (
				3E12A1122674276F0076ABBF /* PBXTargetDependency */,
			);
			name = TodoTests;
			productName = TodoTests;
			productReference = 3E12A1102674276F0076ABBF /* TodoTests.xctest */;
			productType = "com.apple.product-type.bundle.unit-test";
		};
		3E12A11A2674276F0076ABBF /* TodoUITests */ = {
			isa = PBXNativeTarget;
			buildConfigurationList = 3E12A12A2674276F0076ABBF /* Build configuration list for PBXNativeTarget "TodoUITests" */;
			buildPhases = (
				3E12A1172674276F0076ABBF /* Sources */,
				3E12A1182674276F0076ABBF /* Frameworks */,
				3E12A1192674276F0076ABBF /* Resources */,
			);
			buildRules = (
			);
			dependencies = (
				3E12A11D2674276F0076ABBF /* PBXTargetDependency */,
			);
			name = TodoUITests;
			productName = TodoUITests;
			productReference = 3E12A11B2674276F0076ABBF /* TodoUITests.xctest */;
			productType = "com.apple.product-type.bundle.ui-testing";
		};
/* End PBXNativeTarget section */

/* Begin PBXProject section */
		3E12A0F72674276C0076ABBF /* Project object */ = {
			isa = PBXProject;
			attributes = {
				LastSwiftUpdateCheck = 1250;
				LastUpgradeCheck = 1250;
				TargetAttributes = {
					3E12A0FE2674276C0076ABBF = {
						CreatedOnToolsVersion = 12.5;
					};
					3E12A10F2674276F0076ABBF = {
						CreatedOnToolsVersion = 12.5;
						TestTargetID = 3E12A0FE2674276C0076ABBF;
					};
					3E12A11A2674276F0076ABBF = {
						CreatedOnToolsVersion = 12.5;
						TestTargetID = 3E12A0FE2674276C0076ABBF;
					};
				};
			};
			buildConfigurationList = 3E12A0FA2674276C0076ABBF /* Build configuration list for PBXProject "Todo" */;
			compatibilityVersion = "Xcode 9.3";
			developmentRegion = en;
			hasScannedForEncodings = 0;
			knownRegions = (
				en,
				Base,
			);
			mainGroup = 3E12A0F62674276C0076ABBF;
			packageReferences = (
				3E12A12F267427C20076ABBF /* XCRemoteSwiftPackageReference "amplify-ios" */,
			);
			productRefGroup = 3E12A1002674276C0076ABBF /* Products */;
			projectDirPath = "";
			projectRoot = "";
			targets = (
				3E12A0FE2674276C0076ABBF /* Todo */,
				3E12A10F2674276F0076ABBF /* TodoTests */,
				3E12A11A2674276F0076ABBF /* TodoUITests */,
			);
		};
/* End PBXProject section */

/* Begin PBXResourcesBuildPhase section */
		3E12A0FD2674276C0076ABBF /* Resources */ = {
			isa = PBXResourcesBuildPhase;
			buildActionMask = 2147483647;
			files = (
				3E12A12E2674279F0076ABBF /* awsconfiguration.json in Resources */,
				3E12A10A2674276E0076ABBF /* Preview Assets.xcassets in Resources */,
				3E12A12D2674279D0076ABBF /* amplifyconfiguration.json in Resources */,
				3E12A1072674276E0076ABBF /* Assets.xcassets in Resources */,
				FF48C43AEAFB8C1BB7559FB2 /* awsconfiguration.json in Resources */,
				FD6BAABE3B974B3E3CD1B4C0 /* amplifyconfiguration.json in Resources */,
			);
			runOnlyForDeploymentPostprocessing = 0;
		};
		3E12A10E2674276F0076ABBF /* Resources */ = {
			isa = PBXResourcesBuildPhase;
			buildActionMask = 2147483647;
			files = (
			);
			runOnlyForDeploymentPostprocessing = 0;
		};
		3E12A1192674276F0076ABBF /* Resources */ = {
			isa = PBXResourcesBuildPhase;
			buildActionMask = 2147483647;
			files = (
			);
			runOnlyForDeploymentPostprocessing = 0;
		};
/* End PBXResourcesBuildPhase section */

/* Begin PBXSourcesBuildPhase section */
		3E12A0FB2674276C0076ABBF /* Sources */ = {
			isa = PBXSourcesBuildPhase;
			buildActionMask = 2147483647;
			files = (
				3E12A1052674276C0076ABBF /* ContentView.swift in Sources */,
				3E12A1582674295A0076ABBF /* Todo.swift in Sources */,
				3E12A1542674294A0076ABBF /* AmplifyModels.swift in Sources */,
				3E12A1572674295A0076ABBF /* Todo+Schema.swift in Sources */,
				3E12A1032674276C0076ABBF /* TodoApp.swift in Sources */,
				3E12A155267429510076ABBF /* Priority.swift in Sources */,
			);
			runOnlyForDeploymentPostprocessing = 0;
		};
		3E12A10C2674276F0076ABBF /* Sources */ = {
			isa = PBXSourcesBuildPhase;
			buildActionMask = 2147483647;
			files = (
				3E12A1152674276F0076ABBF /* TodoTests.swift in Sources */,
			);
			runOnlyForDeploymentPostprocessing = 0;
		};
		3E12A1172674276F0076ABBF /* Sources */ = {
			isa = PBXSourcesBuildPhase;
			buildActionMask = 2147483647;
			files = (
				3E12A1202674276F0076ABBF /* TodoUITests.swift in Sources */,
			);
			runOnlyForDeploymentPostprocessing = 0;
		};
/* End PBXSourcesBuildPhase section */

/* Begin PBXTargetDependency section */
		3E12A1122674276F0076ABBF /* PBXTargetDependency */ = {
			isa = PBXTargetDependency;
			target = 3E12A0FE2674276C0076ABBF /* Todo */;
			targetProxy = 3E12A1112674276F0076ABBF /* PBXContainerItemProxy */;
		};
		3E12A11D2674276F0076ABBF /* PBXTargetDependency */ = {
			isa = PBXTargetDependency;
			target = 3E12A0FE2674276C0076ABBF /* Todo */;
			targetProxy = 3E12A11C2674276F0076ABBF /* PBXContainerItemProxy */;
		};
		3E12A1712676D25F0076ABBF /* PBXTargetDependency */ = {
			isa = PBXTargetDependency;
			productRef = 3E12A1702676D25F0076ABBF /* AWSAPIPlugin */;
		};
/* End PBXTargetDependency section */

/* Begin XCBuildConfiguration section */
		3E12A1222674276F0076ABBF /* Debug */ = {
			isa = XCBuildConfiguration;
			buildSettings = {
				ALWAYS_SEARCH_USER_PATHS = NO;
				CLANG_ANALYZER_NONNULL = YES;
				CLANG_ANALYZER_NUMBER_OBJECT_CONVERSION = YES_AGGRESSIVE;
				CLANG_CXX_LANGUAGE_STANDARD = "gnu++14";
				CLANG_CXX_LIBRARY = "libc++";
				CLANG_ENABLE_MODULES = YES;
				CLANG_ENABLE_OBJC_ARC = YES;
				CLANG_ENABLE_OBJC_WEAK = YES;
				CLANG_WARN_BLOCK_CAPTURE_AUTORELEASING = YES;
				CLANG_WARN_BOOL_CONVERSION = YES;
				CLANG_WARN_COMMA = YES;
				CLANG_WARN_CONSTANT_CONVERSION = YES;
				CLANG_WARN_DEPRECATED_OBJC_IMPLEMENTATIONS = YES;
				CLANG_WARN_DIRECT_OBJC_ISA_USAGE = YES_ERROR;
				CLANG_WARN_DOCUMENTATION_COMMENTS = YES;
				CLANG_WARN_EMPTY_BODY = YES;
				CLANG_WARN_ENUM_CONVERSION = YES;
				CLANG_WARN_INFINITE_RECURSION = YES;
				CLANG_WARN_INT_CONVERSION = YES;
				CLANG_WARN_NON_LITERAL_NULL_CONVERSION = YES;
				CLANG_WARN_OBJC_IMPLICIT_RETAIN_SELF = YES;
				CLANG_WARN_OBJC_LITERAL_CONVERSION = YES;
				CLANG_WARN_OBJC_ROOT_CLASS = YES_ERROR;
				CLANG_WARN_QUOTED_INCLUDE_IN_FRAMEWORK_HEADER = YES;
				CLANG_WARN_RANGE_LOOP_ANALYSIS = YES;
				CLANG_WARN_STRICT_PROTOTYPES = YES;
				CLANG_WARN_SUSPICIOUS_MOVE = YES;
				CLANG_WARN_UNGUARDED_AVAILABILITY = YES_AGGRESSIVE;
				CLANG_WARN_UNREACHABLE_CODE = YES;
				CLANG_WARN__DUPLICATE_METHOD_MATCH = YES;
				COPY_PHASE_STRIP = NO;
				DEBUG_INFORMATION_FORMAT = dwarf;
				ENABLE_STRICT_OBJC_MSGSEND = YES;
				ENABLE_TESTABILITY = YES;
				GCC_C_LANGUAGE_STANDARD = gnu11;
				GCC_DYNAMIC_NO_PIC = NO;
				GCC_NO_COMMON_BLOCKS = YES;
				GCC_OPTIMIZATION_LEVEL = 0;
				GCC_PREPROCESSOR_DEFINITIONS = (
					"DEBUG=1",
					"$(inherited)",
				);
				GCC_WARN_64_TO_32_BIT_CONVERSION = YES;
				GCC_WARN_ABOUT_RETURN_TYPE = YES_ERROR;
				GCC_WARN_UNDECLARED_SELECTOR = YES;
				GCC_WARN_UNINITIALIZED_AUTOS = YES_AGGRESSIVE;
				GCC_WARN_UNUSED_FUNCTION = YES;
				GCC_WARN_UNUSED_VARIABLE = YES;
				IPHONEOS_DEPLOYMENT_TARGET = 14.5;
				MTL_ENABLE_DEBUG_INFO = INCLUDE_SOURCE;
				MTL_FAST_MATH = YES;
				ONLY_ACTIVE_ARCH = YES;
				SDKROOT = iphoneos;
				SWIFT_ACTIVE_COMPILATION_CONDITIONS = DEBUG;
				SWIFT_OPTIMIZATION_LEVEL = "-Onone";
			};
			name = Debug;
		};
		3E12A1232674276F0076ABBF /* Release */ = {
			isa = XCBuildConfiguration;
			buildSettings = {
				ALWAYS_SEARCH_USER_PATHS = NO;
				CLANG_ANALYZER_NONNULL = YES;
				CLANG_ANALYZER_NUMBER_OBJECT_CONVERSION = YES_AGGRESSIVE;
				CLANG_CXX_LANGUAGE_STANDARD = "gnu++14";
				CLANG_CXX_LIBRARY = "libc++";
				CLANG_ENABLE_MODULES = YES;
				CLANG_ENABLE_OBJC_ARC = YES;
				CLANG_ENABLE_OBJC_WEAK = YES;
				CLANG_WARN_BLOCK_CAPTURE_AUTORELEASING = YES;
				CLANG_WARN_BOOL_CONVERSION = YES;
				CLANG_WARN_COMMA = YES;
				CLANG_WARN_CONSTANT_CONVERSION = YES;
				CLANG_WARN_DEPRECATED_OBJC_IMPLEMENTATIONS = YES;
				CLANG_WARN_DIRECT_OBJC_ISA_USAGE = YES_ERROR;
				CLANG_WARN_DOCUMENTATION_COMMENTS = YES;
				CLANG_WARN_EMPTY_BODY = YES;
				CLANG_WARN_ENUM_CONVERSION = YES;
				CLANG_WARN_INFINITE_RECURSION = YES;
				CLANG_WARN_INT_CONVERSION = YES;
				CLANG_WARN_NON_LITERAL_NULL_CONVERSION = YES;
				CLANG_WARN_OBJC_IMPLICIT_RETAIN_SELF = YES;
				CLANG_WARN_OBJC_LITERAL_CONVERSION = YES;
				CLANG_WARN_OBJC_ROOT_CLASS = YES_ERROR;
				CLANG_WARN_QUOTED_INCLUDE_IN_FRAMEWORK_HEADER = YES;
				CLANG_WARN_RANGE_LOOP_ANALYSIS = YES;
				CLANG_WARN_STRICT_PROTOTYPES = YES;
				CLANG_WARN_SUSPICIOUS_MOVE = YES;
				CLANG_WARN_UNGUARDED_AVAILABILITY = YES_AGGRESSIVE;
				CLANG_WARN_UNREACHABLE_CODE = YES;
				CLANG_WARN__DUPLICATE_METHOD_MATCH = YES;
				COPY_PHASE_STRIP = NO;
				DEBUG_INFORMATION_FORMAT = "dwarf-with-dsym";
				ENABLE_NS_ASSERTIONS = NO;
				ENABLE_STRICT_OBJC_MSGSEND = YES;
				GCC_C_LANGUAGE_STANDARD = gnu11;
				GCC_NO_COMMON_BLOCKS = YES;
				GCC_WARN_64_TO_32_BIT_CONVERSION = YES;
				GCC_WARN_ABOUT_RETURN_TYPE = YES_ERROR;
				GCC_WARN_UNDECLARED_SELECTOR = YES;
				GCC_WARN_UNINITIALIZED_AUTOS = YES_AGGRESSIVE;
				GCC_WARN_UNUSED_FUNCTION = YES;
				GCC_WARN_UNUSED_VARIABLE = YES;
				IPHONEOS_DEPLOYMENT_TARGET = 14.5;
				MTL_ENABLE_DEBUG_INFO = NO;
				MTL_FAST_MATH = YES;
				SDKROOT = iphoneos;
				SWIFT_COMPILATION_MODE = wholemodule;
				SWIFT_OPTIMIZATION_LEVEL = "-O";
				VALIDATE_PRODUCT = YES;
			};
			name = Release;
		};
		3E12A1252674276F0076ABBF /* Debug */ = {
			isa = XCBuildConfiguration;
			buildSettings = {
				ASSETCATALOG_COMPILER_APPICON_NAME = AppIcon;
				ASSETCATALOG_COMPILER_GLOBAL_ACCENT_COLOR_NAME = AccentColor;
				CODE_SIGN_STYLE = Automatic;
				DEVELOPMENT_ASSET_PATHS = "\"Todo/Preview Content\"";
				DEVELOPMENT_TEAM = W3DRXD72QU;
				ENABLE_PREVIEWS = YES;
				INFOPLIST_FILE = Todo/Info.plist;
				IPHONEOS_DEPLOYMENT_TARGET = 14.0;
				LD_RUNPATH_SEARCH_PATHS = (
					"$(inherited)",
					"@executable_path/Frameworks",
				);
				PRODUCT_BUNDLE_IDENTIFIER = Yiming.Todo;
				PRODUCT_NAME = "$(TARGET_NAME)";
				SWIFT_VERSION = 5.0;
				TARGETED_DEVICE_FAMILY = "1,2";
			};
			name = Debug;
		};
		3E12A1262674276F0076ABBF /* Release */ = {
			isa = XCBuildConfiguration;
			buildSettings = {
				ASSETCATALOG_COMPILER_APPICON_NAME = AppIcon;
				ASSETCATALOG_COMPILER_GLOBAL_ACCENT_COLOR_NAME = AccentColor;
				CODE_SIGN_STYLE = Automatic;
				DEVELOPMENT_ASSET_PATHS = "\"Todo/Preview Content\"";
				DEVELOPMENT_TEAM = W3DRXD72QU;
				ENABLE_PREVIEWS = YES;
				INFOPLIST_FILE = Todo/Info.plist;
				IPHONEOS_DEPLOYMENT_TARGET = 14.0;
				LD_RUNPATH_SEARCH_PATHS = (
					"$(inherited)",
					"@executable_path/Frameworks",
				);
				PRODUCT_BUNDLE_IDENTIFIER = Yiming.Todo;
				PRODUCT_NAME = "$(TARGET_NAME)";
				SWIFT_VERSION = 5.0;
				TARGETED_DEVICE_FAMILY = "1,2";
			};
			name = Release;
		};
		3E12A1282674276F0076ABBF /* Debug */ = {
			isa = XCBuildConfiguration;
			buildSettings = {
				ALWAYS_EMBED_SWIFT_STANDARD_LIBRARIES = YES;
				BUNDLE_LOADER = "$(TEST_HOST)";
				CODE_SIGN_STYLE = Automatic;
				DEVELOPMENT_TEAM = W3DRXD72QU;
				INFOPLIST_FILE = TodoTests/Info.plist;
				IPHONEOS_DEPLOYMENT_TARGET = 14.0;
				LD_RUNPATH_SEARCH_PATHS = (
					"$(inherited)",
					"@executable_path/Frameworks",
					"@loader_path/Frameworks",
				);
				PRODUCT_BUNDLE_IDENTIFIER = Yiming.TodoTests;
				PRODUCT_NAME = "$(TARGET_NAME)";
				SWIFT_VERSION = 5.0;
				TARGETED_DEVICE_FAMILY = "1,2";
				TEST_HOST = "$(BUILT_PRODUCTS_DIR)/Todo.app/Todo";
			};
			name = Debug;
		};
		3E12A1292674276F0076ABBF /* Release */ = {
			isa = XCBuildConfiguration;
			buildSettings = {
				ALWAYS_EMBED_SWIFT_STANDARD_LIBRARIES = YES;
				BUNDLE_LOADER = "$(TEST_HOST)";
				CODE_SIGN_STYLE = Automatic;
				DEVELOPMENT_TEAM = W3DRXD72QU;
				INFOPLIST_FILE = TodoTests/Info.plist;
				IPHONEOS_DEPLOYMENT_TARGET = 14.0;
				LD_RUNPATH_SEARCH_PATHS = (
					"$(inherited)",
					"@executable_path/Frameworks",
					"@loader_path/Frameworks",
				);
				PRODUCT_BUNDLE_IDENTIFIER = Yiming.TodoTests;
				PRODUCT_NAME = "$(TARGET_NAME)";
				SWIFT_VERSION = 5.0;
				TARGETED_DEVICE_FAMILY = "1,2";
				TEST_HOST = "$(BUILT_PRODUCTS_DIR)/Todo.app/Todo";
			};
			name = Release;
		};
		3E12A12B2674276F0076ABBF /* Debug */ = {
			isa = XCBuildConfiguration;
			buildSettings = {
				ALWAYS_EMBED_SWIFT_STANDARD_LIBRARIES = YES;
				CODE_SIGN_STYLE = Automatic;
				DEVELOPMENT_TEAM = W3DRXD72QU;
				INFOPLIST_FILE = TodoUITests/Info.plist;
				LD_RUNPATH_SEARCH_PATHS = (
					"$(inherited)",
					"@executable_path/Frameworks",
					"@loader_path/Frameworks",
				);
				PRODUCT_BUNDLE_IDENTIFIER = Yiming.TodoUITests;
				PRODUCT_NAME = "$(TARGET_NAME)";
				SWIFT_VERSION = 5.0;
				TARGETED_DEVICE_FAMILY = "1,2";
				TEST_TARGET_NAME = Todo;
			};
			name = Debug;
		};
		3E12A12C2674276F0076ABBF /* Release */ = {
			isa = XCBuildConfiguration;
			buildSettings = {
				ALWAYS_EMBED_SWIFT_STANDARD_LIBRARIES = YES;
				CODE_SIGN_STYLE = Automatic;
				DEVELOPMENT_TEAM = W3DRXD72QU;
				INFOPLIST_FILE = TodoUITests/Info.plist;
				LD_RUNPATH_SEARCH_PATHS = (
					"$(inherited)",
					"@executable_path/Frameworks",
					"@loader_path/Frameworks",
				);
				PRODUCT_BUNDLE_IDENTIFIER = Yiming.TodoUITests;
				PRODUCT_NAME = "$(TARGET_NAME)";
				SWIFT_VERSION = 5.0;
				TARGETED_DEVICE_FAMILY = "1,2";
				TEST_TARGET_NAME = Todo;
			};
			name = Release;
		};
/* End XCBuildConfiguration section */

/* Begin XCConfigurationList section */
		3E12A0FA2674276C0076ABBF /* Build configuration list for PBXProject "Todo" */ = {
			isa = XCConfigurationList;
			buildConfigurations = (
				3E12A1222674276F0076ABBF /* Debug */,
				3E12A1232674276F0076ABBF /* Release */,
			);
			defaultConfigurationIsVisible = 0;
			defaultConfigurationName = Release;
		};
		3E12A1242674276F0076ABBF /* Build configuration list for PBXNativeTarget "Todo" */ = {
			isa = XCConfigurationList;
			buildConfigurations = (
				3E12A1252674276F0076ABBF /* Debug */,
				3E12A1262674276F0076ABBF /* Release */,
			);
			defaultConfigurationIsVisible = 0;
			defaultConfigurationName = Release;
		};
		3E12A1272674276F0076ABBF /* Build configuration list for PBXNativeTarget "TodoTests" */ = {
			isa = XCConfigurationList;
			buildConfigurations = (
				3E12A1282674276F0076ABBF /* Debug */,
				3E12A1292674276F0076ABBF /* Release */,
			);
			defaultConfigurationIsVisible = 0;
			defaultConfigurationName = Release;
		};
		3E12A12A2674276F0076ABBF /* Build configuration list for PBXNativeTarget "TodoUITests" */ = {
			isa = XCConfigurationList;
			buildConfigurations = (
				3E12A12B2674276F0076ABBF /* Debug */,
				3E12A12C2674276F0076ABBF /* Release */,
			);
			defaultConfigurationIsVisible = 0;
			defaultConfigurationName = Release;
		};
/* End XCConfigurationList section */

/* Begin XCRemoteSwiftPackageReference section */
		3E12A12F267427C20076ABBF /* XCRemoteSwiftPackageReference "amplify-ios" */ = {
			isa = XCRemoteSwiftPackageReference;
			repositoryURL = "https://github.com/aws-amplify/amplify-ios";
			requirement = {
				kind = upToNextMajorVersion;
				minimumVersion = 1.10.0;
			};
		};
/* End XCRemoteSwiftPackageReference section */

/* Begin XCSwiftPackageProductDependency section */
		3E12A130267427C20076ABBF /* Amplify */ = {
			isa = XCSwiftPackageProductDependency;
			package = 3E12A12F267427C20076ABBF /* XCRemoteSwiftPackageReference "amplify-ios" */;
			productName = Amplify;
		};
		3E12A134267427C20076ABBF /* AWSDataStorePlugin */ = {
			isa = XCSwiftPackageProductDependency;
			package = 3E12A12F267427C20076ABBF /* XCRemoteSwiftPackageReference "amplify-ios" */;
			productName = AWSDataStorePlugin;
		};
		3E12A16E2676D25A0076ABBF /* AWSAPIPlugin */ = {
			isa = XCSwiftPackageProductDependency;
			package = 3E12A12F267427C20076ABBF /* XCRemoteSwiftPackageReference "amplify-ios" */;
			productName = AWSAPIPlugin;
		};
		3E12A1702676D25F0076ABBF /* AWSAPIPlugin */ = {
			isa = XCSwiftPackageProductDependency;
			package = 3E12A12F267427C20076ABBF /* XCRemoteSwiftPackageReference "amplify-ios" */;
			productName = AWSAPIPlugin;
		};
/* End XCSwiftPackageProductDependency section */
	};
	rootObject = 3E12A0F72674276C0076ABBF /* Project object */;
}
